
Microsoft Visual Studio Solution File, Format Version 12.00
# Visual Studio Version 16
VisualStudioVersion = 16.0.30907.101
MinimumVisualStudioVersion = 10.0.40219.1
Project("{9A19103F-16F7-4668-BE54-9A1E7A4F7556}") = "WarmWinter", "WarmWinter\WarmWinter.csproj", "{880869A9-8475-4B60-9268-FD1A26FEB4DE}"
EndProject
Project("{9A19103F-16F7-4668-BE54-9A1E7A4F7556}") = "SuperMario", "SuperMario\SuperMario.csproj", "{75190443-4F05-4170-B4C1-183088D07C84}"
EndProject
Project("{9A19103F-16F7-4668-BE54-9A1E7A4F7556}") = "CocktailParty", "CoctailParty\CocktailParty.csproj", "{8852C9B6-F736-4401-8241-0760735A64AE}"
EndProject
Global
	GlobalSection(SolutionConfigurationPlatforms) = preSolution
		Debug|Any CPU = Debug|Any CPU
		Release|Any CPU = Release|Any CPU
	EndGlobalSection
	GlobalSection(ProjectConfigurationPlatforms) = postSolution
		{880869A9-8475-4B60-9268-FD1A26FEB4DE}.Debug|Any CPU.ActiveCfg = Debug|Any CPU
		{880869A9-8475-4B60-9268-FD1A26FEB4DE}.Debug|Any CPU.Build.0 = Debug|Any CPU
		{880869A9-8475-4B60-9268-FD1A26FEB4DE}.Release|Any CPU.ActiveCfg = Release|Any CPU
		{880869A9-8475-4B60-9268-FD1A26FEB4DE}.Release|Any CPU.Build.0 = Release|Any CPU
		{75190443-4F05-4170-B4C1-183088D07C84}.Debug|Any CPU.ActiveCfg = Debug|Any CPU
		{75190443-4F05-4170-B4C1-183088D07C84}.Debug|Any CPU.Build.0 = Debug|Any CPU
		{75190443-4F05-4170-B4C1-183088D07C84}.Release|Any CPU.ActiveCfg = Release|Any CPU
		{75190443-4F05-4170-B4C1-183088D07C84}.Release|Any CPU.Build.0 = Release|Any CPU
		{8852C9B6-F736-4401-8241-0760735A64AE}.Debug|Any CPU.ActiveCfg = Debug|Any CPU
		{8852C9B6-F736-4401-8241-0760735A64AE}.Debug|Any CPU.Build.0 = Debug|Any CPU
		{8852C9B6-F736-4401-8241-0760735A64AE}.Release|Any CPU.ActiveCfg = Release|Any CPU
		{8852C9B6-F736-4401-8241-0760735A64AE}.Release|Any CPU.Build.0 = Release|Any CPU
	EndGlobalSection
	GlobalSection(SolutionProperties) = preSolution
		HideSolutionNode = FALSE
	EndGlobalSection
	GlobalSection(ExtensibilityGlobals) = postSolution
		SolutionGuid = {B9A4E57A-5333-468B-852D-137EB31F3249}
	EndGlobalSection
EndGlobal
