
Microsoft Visual Studio Solution File, Format Version 12.00
# Visual Studio Version 16
VisualStudioVersion = 16.0.30413.136
MinimumVisualStudioVersion = 10.0.40219.1
Project("{9A19103F-16F7-4668-BE54-9A1E7A4F7556}") = "NumberPyramid", "ConsoleApp2\NumberPyramid.csproj", "{127B4C44-F9F0-4638-A3A1-78CC2C342B36}"
EndProject
Project("{9A19103F-16F7-4668-BE54-9A1E7A4F7556}") = "SumOfEvenOddPositions", "SumOfEvenOddPossitions\SumOfEvenOddPositions.csproj", "{53ADC113-37DB-4926-813B-BEB7CC027070}"
EndProject
Project("{9A19103F-16F7-4668-BE54-9A1E7A4F7556}") = "SumPrimeNonPrime", "SumPrimeNonPrime\SumPrimeNonPrime.csproj", "{9FE76581-CFFC-4EB5-8FD1-C0633C6F9640}"
EndProject
Project("{FAE04EC0-301F-11D3-BF4B-00C04F79EFBC}") = "TrainTheTrainers", "ConsoleApp1\TrainTheTrainers.csproj", "{0B92EB23-2E7A-411D-A5D7-FD9D173C002A}"
EndProject
Project("{FAE04EC0-301F-11D3-BF4B-00C04F79EFBC}") = "PasswordGenerator", "PasswordGenerator\PasswordGenerator.csproj", "{C8DD27AB-E7DD-496B-8F8D-199A48D7B14F}"
EndProject
Project("{FAE04EC0-301F-11D3-BF4B-00C04F79EFBC}") = "SpecialNumber", "SpecialNumber\SpecialNumber.csproj", "{45B6E801-99BD-4AFC-9EF7-7BFD2B621201}"
EndProject
Global
	GlobalSection(SolutionConfigurationPlatforms) = preSolution
		Debug|Any CPU = Debug|Any CPU
		Release|Any CPU = Release|Any CPU
	EndGlobalSection
	GlobalSection(ProjectConfigurationPlatforms) = postSolution
		{127B4C44-F9F0-4638-A3A1-78CC2C342B36}.Debug|Any CPU.ActiveCfg = Debug|Any CPU
		{127B4C44-F9F0-4638-A3A1-78CC2C342B36}.Debug|Any CPU.Build.0 = Debug|Any CPU
		{127B4C44-F9F0-4638-A3A1-78CC2C342B36}.Release|Any CPU.ActiveCfg = Release|Any CPU
		{127B4C44-F9F0-4638-A3A1-78CC2C342B36}.Release|Any CPU.Build.0 = Release|Any CPU
		{53ADC113-37DB-4926-813B-BEB7CC027070}.Debug|Any CPU.ActiveCfg = Debug|Any CPU
		{53ADC113-37DB-4926-813B-BEB7CC027070}.Debug|Any CPU.Build.0 = Debug|Any CPU
		{53ADC113-37DB-4926-813B-BEB7CC027070}.Release|Any CPU.ActiveCfg = Release|Any CPU
		{53ADC113-37DB-4926-813B-BEB7CC027070}.Release|Any CPU.Build.0 = Release|Any CPU
		{9FE76581-CFFC-4EB5-8FD1-C0633C6F9640}.Debug|Any CPU.ActiveCfg = Debug|Any CPU
		{9FE76581-CFFC-4EB5-8FD1-C0633C6F9640}.Debug|Any CPU.Build.0 = Debug|Any CPU
		{9FE76581-CFFC-4EB5-8FD1-C0633C6F9640}.Release|Any CPU.ActiveCfg = Release|Any CPU
		{9FE76581-CFFC-4EB5-8FD1-C0633C6F9640}.Release|Any CPU.Build.0 = Release|Any CPU
		{0B92EB23-2E7A-411D-A5D7-FD9D173C002A}.Debug|Any CPU.ActiveCfg = Debug|Any CPU
		{0B92EB23-2E7A-411D-A5D7-FD9D173C002A}.Debug|Any CPU.Build.0 = Debug|Any CPU
		{0B92EB23-2E7A-411D-A5D7-FD9D173C002A}.Release|Any CPU.ActiveCfg = Release|Any CPU
		{0B92EB23-2E7A-411D-A5D7-FD9D173C002A}.Release|Any CPU.Build.0 = Release|Any CPU
		{C8DD27AB-E7DD-496B-8F8D-199A48D7B14F}.Debug|Any CPU.ActiveCfg = Debug|Any CPU
		{C8DD27AB-E7DD-496B-8F8D-199A48D7B14F}.Debug|Any CPU.Build.0 = Debug|Any CPU
		{C8DD27AB-E7DD-496B-8F8D-199A48D7B14F}.Release|Any CPU.ActiveCfg = Release|Any CPU
		{C8DD27AB-E7DD-496B-8F8D-199A48D7B14F}.Release|Any CPU.Build.0 = Release|Any CPU
		{45B6E801-99BD-4AFC-9EF7-7BFD2B621201}.Debug|Any CPU.ActiveCfg = Debug|Any CPU
		{45B6E801-99BD-4AFC-9EF7-7BFD2B621201}.Debug|Any CPU.Build.0 = Debug|Any CPU
		{45B6E801-99BD-4AFC-9EF7-7BFD2B621201}.Release|Any CPU.ActiveCfg = Release|Any CPU
		{45B6E801-99BD-4AFC-9EF7-7BFD2B621201}.Release|Any CPU.Build.0 = Release|Any CPU
	EndGlobalSection
	GlobalSection(SolutionProperties) = preSolution
		HideSolutionNode = FALSE
	EndGlobalSection
	GlobalSection(ExtensibilityGlobals) = postSolution
		SolutionGuid = {2289E124-774F-4680-800A-43888D1AABDE}
	EndGlobalSection
EndGlobal
