
Microsoft Visual Studio Solution File, Format Version 12.00
# Visual Studio Version 16
VisualStudioVersion = 16.0.30413.136
MinimumVisualStudioVersion = 10.0.40219.1
Project("{9A19103F-16F7-4668-BE54-9A1E7A4F7556}") = "DayOfTheWeek", "DayOfTheWeek\DayOfTheWeek.csproj", "{CBCB82F3-93F3-4E10-A192-A8DA14668EF9}"
EndProject
Project("{9A19103F-16F7-4668-BE54-9A1E7A4F7556}") = "WeekendOrWorkingday", "WeekendOrWorkingday\WeekendOrWorkingday.csproj", "{7A50FB59-DE5B-4D38-B6FB-9D229F8150BD}"
EndProject
Project("{9A19103F-16F7-4668-BE54-9A1E7A4F7556}") = "ClassAnimal", "ClassAnimal\ClassAnimal.csproj", "{1F757FD0-F01C-4000-90F3-0173C185601E}"
EndProject
Project("{9A19103F-16F7-4668-BE54-9A1E7A4F7556}") = "PersonalTitle", "PersonalTitle\PersonalTitle.csproj", "{EC565D7A-6DF6-4BC9-8583-A2C9CD9E917F}"
EndProject
Project("{9A19103F-16F7-4668-BE54-9A1E7A4F7556}") = "SmallShop", "SmallShop\SmallShop.csproj", "{7C695A28-F7B6-463B-81A4-1874D8954D5B}"
EndProject
Project("{9A19103F-16F7-4668-BE54-9A1E7A4F7556}") = "NumeberInRange", "NumeberInRange\NumeberInRange.csproj", "{4A4AAAF3-8D20-4E32-8DB9-1D2463DDB458}"
EndProject
Project("{9A19103F-16F7-4668-BE54-9A1E7A4F7556}") = "WorkingHours", "WorkingHours\WorkingHours.csproj", "{55DDA210-1306-4CE6-967C-1FEF2ACE9326}"
EndProject
Project("{9A19103F-16F7-4668-BE54-9A1E7A4F7556}") = "CinemaTickets", "CinemaTickets\CinemaTickets.csproj", "{2C10AAD4-31E7-40BA-951C-23F46318C97D}"
EndProject
Project("{9A19103F-16F7-4668-BE54-9A1E7A4F7556}") = "FruitOrVegitable", "FruitOrVegitable\FruitOrVegitable.csproj", "{4288564C-DBF4-49E3-A60B-3B04C80C3A47}"
EndProject
Project("{9A19103F-16F7-4668-BE54-9A1E7A4F7556}") = "InvalidNumber", "InvalidNumber\InvalidNumber.csproj", "{90002508-BEB7-46A0-8597-C5E32079952B}"
EndProject
Project("{9A19103F-16F7-4668-BE54-9A1E7A4F7556}") = "fruitShop", "fruitShop\fruitShop.csproj", "{583632BC-8554-4174-A990-21F3C4AC14EB}"
EndProject
Project("{9A19103F-16F7-4668-BE54-9A1E7A4F7556}") = "TradeComission", "TradeComission\TradeComission.csproj", "{F9394A40-2702-44E9-81F9-D1CC056C7AB3}"
EndProject
Project("{9A19103F-16F7-4668-BE54-9A1E7A4F7556}") = "SkiTrip", "SkiTrip\SkiTrip.csproj", "{4753580D-02CB-4488-8E10-7D6F4EFDAC9B}"
EndProject
Project("{FAE04EC0-301F-11D3-BF4B-00C04F79EFBC}") = "Volleyball", "Volleyball\Volleyball.csproj", "{BFF7F989-09C2-4E20-90A5-8691C88BFB4A}"
EndProject
Global
	GlobalSection(SolutionConfigurationPlatforms) = preSolution
		Debug|Any CPU = Debug|Any CPU
		Release|Any CPU = Release|Any CPU
	EndGlobalSection
	GlobalSection(ProjectConfigurationPlatforms) = postSolution
		{CBCB82F3-93F3-4E10-A192-A8DA14668EF9}.Debug|Any CPU.ActiveCfg = Debug|Any CPU
		{CBCB82F3-93F3-4E10-A192-A8DA14668EF9}.Debug|Any CPU.Build.0 = Debug|Any CPU
		{CBCB82F3-93F3-4E10-A192-A8DA14668EF9}.Release|Any CPU.ActiveCfg = Release|Any CPU
		{CBCB82F3-93F3-4E10-A192-A8DA14668EF9}.Release|Any CPU.Build.0 = Release|Any CPU
		{7A50FB59-DE5B-4D38-B6FB-9D229F8150BD}.Debug|Any CPU.ActiveCfg = Debug|Any CPU
		{7A50FB59-DE5B-4D38-B6FB-9D229F8150BD}.Debug|Any CPU.Build.0 = Debug|Any CPU
		{7A50FB59-DE5B-4D38-B6FB-9D229F8150BD}.Release|Any CPU.ActiveCfg = Release|Any CPU
		{7A50FB59-DE5B-4D38-B6FB-9D229F8150BD}.Release|Any CPU.Build.0 = Release|Any CPU
		{1F757FD0-F01C-4000-90F3-0173C185601E}.Debug|Any CPU.ActiveCfg = Debug|Any CPU
		{1F757FD0-F01C-4000-90F3-0173C185601E}.Debug|Any CPU.Build.0 = Debug|Any CPU
		{1F757FD0-F01C-4000-90F3-0173C185601E}.Release|Any CPU.ActiveCfg = Release|Any CPU
		{1F757FD0-F01C-4000-90F3-0173C185601E}.Release|Any CPU.Build.0 = Release|Any CPU
		{EC565D7A-6DF6-4BC9-8583-A2C9CD9E917F}.Debug|Any CPU.ActiveCfg = Debug|Any CPU
		{EC565D7A-6DF6-4BC9-8583-A2C9CD9E917F}.Debug|Any CPU.Build.0 = Debug|Any CPU
		{EC565D7A-6DF6-4BC9-8583-A2C9CD9E917F}.Release|Any CPU.ActiveCfg = Release|Any CPU
		{EC565D7A-6DF6-4BC9-8583-A2C9CD9E917F}.Release|Any CPU.Build.0 = Release|Any CPU
		{7C695A28-F7B6-463B-81A4-1874D8954D5B}.Debug|Any CPU.ActiveCfg = Debug|Any CPU
		{7C695A28-F7B6-463B-81A4-1874D8954D5B}.Debug|Any CPU.Build.0 = Debug|Any CPU
		{7C695A28-F7B6-463B-81A4-1874D8954D5B}.Release|Any CPU.ActiveCfg = Release|Any CPU
		{7C695A28-F7B6-463B-81A4-1874D8954D5B}.Release|Any CPU.Build.0 = Release|Any CPU
		{4A4AAAF3-8D20-4E32-8DB9-1D2463DDB458}.Debug|Any CPU.ActiveCfg = Debug|Any CPU
		{4A4AAAF3-8D20-4E32-8DB9-1D2463DDB458}.Debug|Any CPU.Build.0 = Debug|Any CPU
		{4A4AAAF3-8D20-4E32-8DB9-1D2463DDB458}.Release|Any CPU.ActiveCfg = Release|Any CPU
		{4A4AAAF3-8D20-4E32-8DB9-1D2463DDB458}.Release|Any CPU.Build.0 = Release|Any CPU
		{55DDA210-1306-4CE6-967C-1FEF2ACE9326}.Debug|Any CPU.ActiveCfg = Debug|Any CPU
		{55DDA210-1306-4CE6-967C-1FEF2ACE9326}.Debug|Any CPU.Build.0 = Debug|Any CPU
		{55DDA210-1306-4CE6-967C-1FEF2ACE9326}.Release|Any CPU.ActiveCfg = Release|Any CPU
		{55DDA210-1306-4CE6-967C-1FEF2ACE9326}.Release|Any CPU.Build.0 = Release|Any CPU
		{2C10AAD4-31E7-40BA-951C-23F46318C97D}.Debug|Any CPU.ActiveCfg = Debug|Any CPU
		{2C10AAD4-31E7-40BA-951C-23F46318C97D}.Debug|Any CPU.Build.0 = Debug|Any CPU
		{2C10AAD4-31E7-40BA-951C-23F46318C97D}.Release|Any CPU.ActiveCfg = Release|Any CPU
		{2C10AAD4-31E7-40BA-951C-23F46318C97D}.Release|Any CPU.Build.0 = Release|Any CPU
		{4288564C-DBF4-49E3-A60B-3B04C80C3A47}.Debug|Any CPU.ActiveCfg = Debug|Any CPU
		{4288564C-DBF4-49E3-A60B-3B04C80C3A47}.Debug|Any CPU.Build.0 = Debug|Any CPU
		{4288564C-DBF4-49E3-A60B-3B04C80C3A47}.Release|Any CPU.ActiveCfg = Release|Any CPU
		{4288564C-DBF4-49E3-A60B-3B04C80C3A47}.Release|Any CPU.Build.0 = Release|Any CPU
		{90002508-BEB7-46A0-8597-C5E32079952B}.Debug|Any CPU.ActiveCfg = Debug|Any CPU
		{90002508-BEB7-46A0-8597-C5E32079952B}.Debug|Any CPU.Build.0 = Debug|Any CPU
		{90002508-BEB7-46A0-8597-C5E32079952B}.Release|Any CPU.ActiveCfg = Release|Any CPU
		{90002508-BEB7-46A0-8597-C5E32079952B}.Release|Any CPU.Build.0 = Release|Any CPU
		{583632BC-8554-4174-A990-21F3C4AC14EB}.Debug|Any CPU.ActiveCfg = Debug|Any CPU
		{583632BC-8554-4174-A990-21F3C4AC14EB}.Debug|Any CPU.Build.0 = Debug|Any CPU
		{583632BC-8554-4174-A990-21F3C4AC14EB}.Release|Any CPU.ActiveCfg = Release|Any CPU
		{583632BC-8554-4174-A990-21F3C4AC14EB}.Release|Any CPU.Build.0 = Release|Any CPU
		{F9394A40-2702-44E9-81F9-D1CC056C7AB3}.Debug|Any CPU.ActiveCfg = Debug|Any CPU
		{F9394A40-2702-44E9-81F9-D1CC056C7AB3}.Debug|Any CPU.Build.0 = Debug|Any CPU
		{F9394A40-2702-44E9-81F9-D1CC056C7AB3}.Release|Any CPU.ActiveCfg = Release|Any CPU
		{F9394A40-2702-44E9-81F9-D1CC056C7AB3}.Release|Any CPU.Build.0 = Release|Any CPU
		{4753580D-02CB-4488-8E10-7D6F4EFDAC9B}.Debug|Any CPU.ActiveCfg = Debug|Any CPU
		{4753580D-02CB-4488-8E10-7D6F4EFDAC9B}.Debug|Any CPU.Build.0 = Debug|Any CPU
		{4753580D-02CB-4488-8E10-7D6F4EFDAC9B}.Release|Any CPU.ActiveCfg = Release|Any CPU
		{4753580D-02CB-4488-8E10-7D6F4EFDAC9B}.Release|Any CPU.Build.0 = Release|Any CPU
		{BFF7F989-09C2-4E20-90A5-8691C88BFB4A}.Debug|Any CPU.ActiveCfg = Debug|Any CPU
		{BFF7F989-09C2-4E20-90A5-8691C88BFB4A}.Debug|Any CPU.Build.0 = Debug|Any CPU
		{BFF7F989-09C2-4E20-90A5-8691C88BFB4A}.Release|Any CPU.ActiveCfg = Release|Any CPU
		{BFF7F989-09C2-4E20-90A5-8691C88BFB4A}.Release|Any CPU.Build.0 = Release|Any CPU
	EndGlobalSection
	GlobalSection(SolutionProperties) = preSolution
		HideSolutionNode = FALSE
	EndGlobalSection
	GlobalSection(ExtensibilityGlobals) = postSolution
		SolutionGuid = {F2BA4928-B58E-45A8-BF9A-846D8C04D4AD}
	EndGlobalSection
EndGlobal
