
Microsoft Visual Studio Solution File, Format Version 12.00
# Visual Studio Version 16
VisualStudioVersion = 16.0.30907.101
MinimumVisualStudioVersion = 10.0.40219.1
Project("{9A19103F-16F7-4668-BE54-9A1E7A4F7556}") = "Shapes", "Shapes\Shapes.csproj", "{8D1D589E-AE96-4C59-9BB0-190D56551E2F}"
EndProject
Project("{FAE04EC0-301F-11D3-BF4B-00C04F79EFBC}") = "Cars", "Cars\Cars.csproj", "{76DC6895-E289-4C5E-A8E5-8EB9092CB5B7}"
EndProject
Global
	GlobalSection(SolutionConfigurationPlatforms) = preSolution
		Debug|Any CPU = Debug|Any CPU
		Release|Any CPU = Release|Any CPU
	EndGlobalSection
	GlobalSection(ProjectConfigurationPlatforms) = postSolution
		{8D1D589E-AE96-4C59-9BB0-190D56551E2F}.Debug|Any CPU.ActiveCfg = Debug|Any CPU
		{8D1D589E-AE96-4C59-9BB0-190D56551E2F}.Debug|Any CPU.Build.0 = Debug|Any CPU
		{8D1D589E-AE96-4C59-9BB0-190D56551E2F}.Release|Any CPU.ActiveCfg = Release|Any CPU
		{8D1D589E-AE96-4C59-9BB0-190D56551E2F}.Release|Any CPU.Build.0 = Release|Any CPU
		{76DC6895-E289-4C5E-A8E5-8EB9092CB5B7}.Debug|Any CPU.ActiveCfg = Debug|Any CPU
		{76DC6895-E289-4C5E-A8E5-8EB9092CB5B7}.Debug|Any CPU.Build.0 = Debug|Any CPU
		{76DC6895-E289-4C5E-A8E5-8EB9092CB5B7}.Release|Any CPU.ActiveCfg = Release|Any CPU
		{76DC6895-E289-4C5E-A8E5-8EB9092CB5B7}.Release|Any CPU.Build.0 = Release|Any CPU
	EndGlobalSection
	GlobalSection(SolutionProperties) = preSolution
		HideSolutionNode = FALSE
	EndGlobalSection
	GlobalSection(ExtensibilityGlobals) = postSolution
		SolutionGuid = {D00FC775-1208-4B8D-8E15-0E8A827036F2}
	EndGlobalSection
EndGlobal
