
Microsoft Visual Studio Solution File, Format Version 12.00
# Visual Studio Version 16
VisualStudioVersion = 16.0.30907.101
MinimumVisualStudioVersion = 10.0.40219.1
Project("{9A19103F-16F7-4668-BE54-9A1E7A4F7556}") = "SingleInheritance", "SingleInheritance\SingleInheritance.csproj", "{D6653CBE-51BD-4C03-8B9A-B0417DA3D28A}"
EndProject
Project("{9A19103F-16F7-4668-BE54-9A1E7A4F7556}") = "RandomList", "RandomList\RandomList.csproj", "{53C12886-A4B1-4165-BB00-9A425509EB90}"
EndProject
Project("{FAE04EC0-301F-11D3-BF4B-00C04F79EFBC}") = "StackOfStrings", "StackOfStrings\StackOfStrings.csproj", "{AA6DB4B9-8511-4015-BD9B-0B3D3410263F}"
EndProject
Global
	GlobalSection(SolutionConfigurationPlatforms) = preSolution
		Debug|Any CPU = Debug|Any CPU
		Release|Any CPU = Release|Any CPU
	EndGlobalSection
	GlobalSection(ProjectConfigurationPlatforms) = postSolution
		{D6653CBE-51BD-4C03-8B9A-B0417DA3D28A}.Debug|Any CPU.ActiveCfg = Debug|Any CPU
		{D6653CBE-51BD-4C03-8B9A-B0417DA3D28A}.Debug|Any CPU.Build.0 = Debug|Any CPU
		{D6653CBE-51BD-4C03-8B9A-B0417DA3D28A}.Release|Any CPU.ActiveCfg = Release|Any CPU
		{D6653CBE-51BD-4C03-8B9A-B0417DA3D28A}.Release|Any CPU.Build.0 = Release|Any CPU
		{53C12886-A4B1-4165-BB00-9A425509EB90}.Debug|Any CPU.ActiveCfg = Debug|Any CPU
		{53C12886-A4B1-4165-BB00-9A425509EB90}.Debug|Any CPU.Build.0 = Debug|Any CPU
		{53C12886-A4B1-4165-BB00-9A425509EB90}.Release|Any CPU.ActiveCfg = Release|Any CPU
		{53C12886-A4B1-4165-BB00-9A425509EB90}.Release|Any CPU.Build.0 = Release|Any CPU
		{AA6DB4B9-8511-4015-BD9B-0B3D3410263F}.Debug|Any CPU.ActiveCfg = Debug|Any CPU
		{AA6DB4B9-8511-4015-BD9B-0B3D3410263F}.Debug|Any CPU.Build.0 = Debug|Any CPU
		{AA6DB4B9-8511-4015-BD9B-0B3D3410263F}.Release|Any CPU.ActiveCfg = Release|Any CPU
		{AA6DB4B9-8511-4015-BD9B-0B3D3410263F}.Release|Any CPU.Build.0 = Release|Any CPU
	EndGlobalSection
	GlobalSection(SolutionProperties) = preSolution
		HideSolutionNode = FALSE
	EndGlobalSection
	GlobalSection(ExtensibilityGlobals) = postSolution
		SolutionGuid = {168A3210-AFB2-472A-9BDE-C39FC777BE20}
	EndGlobalSection
EndGlobal
