
Microsoft Visual Studio Solution File, Format Version 12.00
# Visual Studio Version 16
VisualStudioVersion = 16.0.30907.101
MinimumVisualStudioVersion = 10.0.40219.1
Project("{FAE04EC0-301F-11D3-BF4B-00C04F79EFBC}") = "CustomDoubleLinkedList", "CustomDoubleLinkedList\CustomDoubleLinkedList.csproj", "{3C2FD24B-FD1C-4949-8296-5DF5398DD7F1}"
EndProject
Global
	GlobalSection(SolutionConfigurationPlatforms) = preSolution
		Debug|Any CPU = Debug|Any CPU
		Release|Any CPU = Release|Any CPU
	EndGlobalSection
	GlobalSection(ProjectConfigurationPlatforms) = postSolution
		{3C2FD24B-FD1C-4949-8296-5DF5398DD7F1}.Debug|Any CPU.ActiveCfg = Debug|Any CPU
		{3C2FD24B-FD1C-4949-8296-5DF5398DD7F1}.Debug|Any CPU.Build.0 = Debug|Any CPU
		{3C2FD24B-FD1C-4949-8296-5DF5398DD7F1}.Release|Any CPU.ActiveCfg = Release|Any CPU
		{3C2FD24B-FD1C-4949-8296-5DF5398DD7F1}.Release|Any CPU.Build.0 = Release|Any CPU
	EndGlobalSection
	GlobalSection(SolutionProperties) = preSolution
		HideSolutionNode = FALSE
	EndGlobalSection
	GlobalSection(ExtensibilityGlobals) = postSolution
		SolutionGuid = {6BE97A69-F686-4B48-9760-B287EA5AE7CB}
	EndGlobalSection
EndGlobal
