
Microsoft Visual Studio Solution File, Format Version 12.00
# Visual Studio Version 16
VisualStudioVersion = 16.0.30907.101
MinimumVisualStudioVersion = 10.0.40219.1
Project("{FAE04EC0-301F-11D3-BF4B-00C04F79EFBC}") = "ImplementCustomListClass", "ImplementCustomListClass\ImplementCustomListClass.csproj", "{6CA13F2B-53BC-4D05-B2D8-3A398F406A09}"
EndProject
Project("{FAE04EC0-301F-11D3-BF4B-00C04F79EFBC}") = "CustomStackClass", "CustomStackClass\CustomStackClass.csproj", "{5ED24D21-1265-4F40-9E61-2C90FB6F5443}"
EndProject
Global
	GlobalSection(SolutionConfigurationPlatforms) = preSolution
		Debug|Any CPU = Debug|Any CPU
		Release|Any CPU = Release|Any CPU
	EndGlobalSection
	GlobalSection(ProjectConfigurationPlatforms) = postSolution
		{6CA13F2B-53BC-4D05-B2D8-3A398F406A09}.Debug|Any CPU.ActiveCfg = Debug|Any CPU
		{6CA13F2B-53BC-4D05-B2D8-3A398F406A09}.Debug|Any CPU.Build.0 = Debug|Any CPU
		{6CA13F2B-53BC-4D05-B2D8-3A398F406A09}.Release|Any CPU.ActiveCfg = Release|Any CPU
		{6CA13F2B-53BC-4D05-B2D8-3A398F406A09}.Release|Any CPU.Build.0 = Release|Any CPU
		{5ED24D21-1265-4F40-9E61-2C90FB6F5443}.Debug|Any CPU.ActiveCfg = Debug|Any CPU
		{5ED24D21-1265-4F40-9E61-2C90FB6F5443}.Debug|Any CPU.Build.0 = Debug|Any CPU
		{5ED24D21-1265-4F40-9E61-2C90FB6F5443}.Release|Any CPU.ActiveCfg = Release|Any CPU
		{5ED24D21-1265-4F40-9E61-2C90FB6F5443}.Release|Any CPU.Build.0 = Release|Any CPU
	EndGlobalSection
	GlobalSection(SolutionProperties) = preSolution
		HideSolutionNode = FALSE
	EndGlobalSection
	GlobalSection(ExtensibilityGlobals) = postSolution
		SolutionGuid = {37255F84-128E-40D5-9269-0F797528837C}
	EndGlobalSection
EndGlobal
