
Microsoft Visual Studio Solution File, Format Version 12.00
# Visual Studio Version 16
VisualStudioVersion = 16.0.30907.101
MinimumVisualStudioVersion = 10.0.40219.1
Project("{FAE04EC0-301F-11D3-BF4B-00C04F79EFBC}") = "RealEstates.Data", "RealEstates.Data\RealEstates.Data.csproj", "{DFF528C6-E968-4889-8F2E-00053249170C}"
EndProject
Project("{FAE04EC0-301F-11D3-BF4B-00C04F79EFBC}") = "RealEstates.Models", "RealEstates.Models\RealEstates.Models.csproj", "{F41AFBBD-071D-4BC6-9DF9-69CB11C1534F}"
EndProject
Project("{FAE04EC0-301F-11D3-BF4B-00C04F79EFBC}") = "RealEstates.Services", "RealEstates.Services\RealEstates.Services.csproj", "{28FC7B2D-CC7F-49BE-902F-A96D212A28F2}"
EndProject
Project("{FAE04EC0-301F-11D3-BF4B-00C04F79EFBC}") = "RealEstates.Importer", "RealEstates.Importer\RealEstates.Importer.csproj", "{71A4FA5E-AB56-4048-8046-304AC73EE92B}"
EndProject
Project("{FAE04EC0-301F-11D3-BF4B-00C04F79EFBC}") = "RealEstates.ConsoleApplication", "RealEstates.ConsoleApplication\RealEstates.ConsoleApplication.csproj", "{4CAE8242-AC44-40AD-9A70-AE628A88C151}"
EndProject
Global
	GlobalSection(SolutionConfigurationPlatforms) = preSolution
		Debug|Any CPU = Debug|Any CPU
		Release|Any CPU = Release|Any CPU
	EndGlobalSection
	GlobalSection(ProjectConfigurationPlatforms) = postSolution
		{DFF528C6-E968-4889-8F2E-00053249170C}.Debug|Any CPU.ActiveCfg = Debug|Any CPU
		{DFF528C6-E968-4889-8F2E-00053249170C}.Debug|Any CPU.Build.0 = Debug|Any CPU
		{DFF528C6-E968-4889-8F2E-00053249170C}.Release|Any CPU.ActiveCfg = Release|Any CPU
		{DFF528C6-E968-4889-8F2E-00053249170C}.Release|Any CPU.Build.0 = Release|Any CPU
		{F41AFBBD-071D-4BC6-9DF9-69CB11C1534F}.Debug|Any CPU.ActiveCfg = Debug|Any CPU
		{F41AFBBD-071D-4BC6-9DF9-69CB11C1534F}.Debug|Any CPU.Build.0 = Debug|Any CPU
		{F41AFBBD-071D-4BC6-9DF9-69CB11C1534F}.Release|Any CPU.ActiveCfg = Release|Any CPU
		{F41AFBBD-071D-4BC6-9DF9-69CB11C1534F}.Release|Any CPU.Build.0 = Release|Any CPU
		{28FC7B2D-CC7F-49BE-902F-A96D212A28F2}.Debug|Any CPU.ActiveCfg = Debug|Any CPU
		{28FC7B2D-CC7F-49BE-902F-A96D212A28F2}.Debug|Any CPU.Build.0 = Debug|Any CPU
		{28FC7B2D-CC7F-49BE-902F-A96D212A28F2}.Release|Any CPU.ActiveCfg = Release|Any CPU
		{28FC7B2D-CC7F-49BE-902F-A96D212A28F2}.Release|Any CPU.Build.0 = Release|Any CPU
		{71A4FA5E-AB56-4048-8046-304AC73EE92B}.Debug|Any CPU.ActiveCfg = Debug|Any CPU
		{71A4FA5E-AB56-4048-8046-304AC73EE92B}.Debug|Any CPU.Build.0 = Debug|Any CPU
		{71A4FA5E-AB56-4048-8046-304AC73EE92B}.Release|Any CPU.ActiveCfg = Release|Any CPU
		{71A4FA5E-AB56-4048-8046-304AC73EE92B}.Release|Any CPU.Build.0 = Release|Any CPU
		{4CAE8242-AC44-40AD-9A70-AE628A88C151}.Debug|Any CPU.ActiveCfg = Debug|Any CPU
		{4CAE8242-AC44-40AD-9A70-AE628A88C151}.Debug|Any CPU.Build.0 = Debug|Any CPU
		{4CAE8242-AC44-40AD-9A70-AE628A88C151}.Release|Any CPU.ActiveCfg = Release|Any CPU
		{4CAE8242-AC44-40AD-9A70-AE628A88C151}.Release|Any CPU.Build.0 = Release|Any CPU
	EndGlobalSection
	GlobalSection(SolutionProperties) = preSolution
		HideSolutionNode = FALSE
	EndGlobalSection
	GlobalSection(ExtensibilityGlobals) = postSolution
		SolutionGuid = {45FE9B5F-8EFA-4A68-BF1A-947EF1EAF3BC}
	EndGlobalSection
EndGlobal
