
Microsoft Visual Studio Solution File, Format Version 12.00
# Visual Studio Version 16
VisualStudioVersion = 16.0.30503.244
MinimumVisualStudioVersion = 10.0.40219.1
Project("{FAE04EC0-301F-11D3-BF4B-00C04F79EFBC}") = "1. Student Information", "1. Student Information\1. Student Information.csproj", "{B96F6432-CE1D-41D6-B3A5-F716F038ACFF}"
EndProject
Project("{FAE04EC0-301F-11D3-BF4B-00C04F79EFBC}") = "2. Passed", "2. Passed\2. Passed.csproj", "{4CDE9CFE-A60B-4EE2-905E-1218E91E7377}"
EndProject
Project("{FAE04EC0-301F-11D3-BF4B-00C04F79EFBC}") = "3. Passed or Failed", "3. Passed or Failed\3. Passed or Failed.csproj", "{F466EFD0-A4B4-45D5-B489-D1C367FEB861}"
EndProject
Project("{FAE04EC0-301F-11D3-BF4B-00C04F79EFBC}") = "4. Back In 30 Minutes", "Back In 30 Minutes\4. Back In 30 Minutes.csproj", "{8BEF3501-F617-4909-A63A-4CF4C0AC5152}"
EndProject
Project("{FAE04EC0-301F-11D3-BF4B-00C04F79EFBC}") = "5. Month Printer", "5. Month Printer\5. Month Printer.csproj", "{2D73ED23-0AAC-4C66-BA57-0BC161125F5B}"
EndProject
Project("{FAE04EC0-301F-11D3-BF4B-00C04F79EFBC}") = "6. Foreign Languages", "6. Foreign Languages\6. Foreign Languages.csproj", "{0CCF9AB5-AF95-49D4-99C7-7B5CF28D885E}"
EndProject
Project("{FAE04EC0-301F-11D3-BF4B-00C04F79EFBC}") = "7. Theatre Promotion", "7. Theatre Promotion\7. Theatre Promotion.csproj", "{F294DFA2-1D01-4412-980D-8CF93F864A27}"
EndProject
Project("{FAE04EC0-301F-11D3-BF4B-00C04F79EFBC}") = "8. Divisible by 3", "8. Divisible by 3\8. Divisible by 3.csproj", "{F9DE457C-EB08-424E-811D-119264C8BC94}"
EndProject
Project("{FAE04EC0-301F-11D3-BF4B-00C04F79EFBC}") = "9. Sum of Odd Numbers", "9. Sum of Odd Numbers\9. Sum of Odd Numbers.csproj", "{C0AA0141-4041-4274-AC90-C95EC05CD064}"
EndProject
Project("{FAE04EC0-301F-11D3-BF4B-00C04F79EFBC}") = "10. Multiplication Table", "Multiplication Table\10. Multiplication Table.csproj", "{0296D066-F70F-4D9F-BA3D-4D8119FD3703}"
EndProject
Project("{FAE04EC0-301F-11D3-BF4B-00C04F79EFBC}") = "11. Multiplication Table 2.0", "11. Multiplication Table 2.0\11. Multiplication Table 2.0.csproj", "{3F83EF3D-D569-455B-8C18-5877C952BA56}"
EndProject
Project("{FAE04EC0-301F-11D3-BF4B-00C04F79EFBC}") = "12. Even Number", "12. Even Number\12. Even Number.csproj", "{D825276A-1C5D-4460-851A-50034F341A86}"
EndProject
Project("{FAE04EC0-301F-11D3-BF4B-00C04F79EFBC}") = "13. Holidays Between Two Dates", "13. Holidays Between Two Dates\13. Holidays Between Two Dates.csproj", "{A31B8C4A-A0AE-44A3-B2BF-B9BE6F5912E4}"
EndProject
Global
	GlobalSection(SolutionConfigurationPlatforms) = preSolution
		Debug|Any CPU = Debug|Any CPU
		Release|Any CPU = Release|Any CPU
	EndGlobalSection
	GlobalSection(ProjectConfigurationPlatforms) = postSolution
		{B96F6432-CE1D-41D6-B3A5-F716F038ACFF}.Debug|Any CPU.ActiveCfg = Debug|Any CPU
		{B96F6432-CE1D-41D6-B3A5-F716F038ACFF}.Debug|Any CPU.Build.0 = Debug|Any CPU
		{B96F6432-CE1D-41D6-B3A5-F716F038ACFF}.Release|Any CPU.ActiveCfg = Release|Any CPU
		{B96F6432-CE1D-41D6-B3A5-F716F038ACFF}.Release|Any CPU.Build.0 = Release|Any CPU
		{4CDE9CFE-A60B-4EE2-905E-1218E91E7377}.Debug|Any CPU.ActiveCfg = Debug|Any CPU
		{4CDE9CFE-A60B-4EE2-905E-1218E91E7377}.Debug|Any CPU.Build.0 = Debug|Any CPU
		{4CDE9CFE-A60B-4EE2-905E-1218E91E7377}.Release|Any CPU.ActiveCfg = Release|Any CPU
		{4CDE9CFE-A60B-4EE2-905E-1218E91E7377}.Release|Any CPU.Build.0 = Release|Any CPU
		{F466EFD0-A4B4-45D5-B489-D1C367FEB861}.Debug|Any CPU.ActiveCfg = Debug|Any CPU
		{F466EFD0-A4B4-45D5-B489-D1C367FEB861}.Debug|Any CPU.Build.0 = Debug|Any CPU
		{F466EFD0-A4B4-45D5-B489-D1C367FEB861}.Release|Any CPU.ActiveCfg = Release|Any CPU
		{F466EFD0-A4B4-45D5-B489-D1C367FEB861}.Release|Any CPU.Build.0 = Release|Any CPU
		{8BEF3501-F617-4909-A63A-4CF4C0AC5152}.Debug|Any CPU.ActiveCfg = Debug|Any CPU
		{8BEF3501-F617-4909-A63A-4CF4C0AC5152}.Debug|Any CPU.Build.0 = Debug|Any CPU
		{8BEF3501-F617-4909-A63A-4CF4C0AC5152}.Release|Any CPU.ActiveCfg = Release|Any CPU
		{8BEF3501-F617-4909-A63A-4CF4C0AC5152}.Release|Any CPU.Build.0 = Release|Any CPU
		{2D73ED23-0AAC-4C66-BA57-0BC161125F5B}.Debug|Any CPU.ActiveCfg = Debug|Any CPU
		{2D73ED23-0AAC-4C66-BA57-0BC161125F5B}.Debug|Any CPU.Build.0 = Debug|Any CPU
		{2D73ED23-0AAC-4C66-BA57-0BC161125F5B}.Release|Any CPU.ActiveCfg = Release|Any CPU
		{2D73ED23-0AAC-4C66-BA57-0BC161125F5B}.Release|Any CPU.Build.0 = Release|Any CPU
		{0CCF9AB5-AF95-49D4-99C7-7B5CF28D885E}.Debug|Any CPU.ActiveCfg = Debug|Any CPU
		{0CCF9AB5-AF95-49D4-99C7-7B5CF28D885E}.Debug|Any CPU.Build.0 = Debug|Any CPU
		{0CCF9AB5-AF95-49D4-99C7-7B5CF28D885E}.Release|Any CPU.ActiveCfg = Release|Any CPU
		{0CCF9AB5-AF95-49D4-99C7-7B5CF28D885E}.Release|Any CPU.Build.0 = Release|Any CPU
		{F294DFA2-1D01-4412-980D-8CF93F864A27}.Debug|Any CPU.ActiveCfg = Debug|Any CPU
		{F294DFA2-1D01-4412-980D-8CF93F864A27}.Debug|Any CPU.Build.0 = Debug|Any CPU
		{F294DFA2-1D01-4412-980D-8CF93F864A27}.Release|Any CPU.ActiveCfg = Release|Any CPU
		{F294DFA2-1D01-4412-980D-8CF93F864A27}.Release|Any CPU.Build.0 = Release|Any CPU
		{F9DE457C-EB08-424E-811D-119264C8BC94}.Debug|Any CPU.ActiveCfg = Debug|Any CPU
		{F9DE457C-EB08-424E-811D-119264C8BC94}.Debug|Any CPU.Build.0 = Debug|Any CPU
		{F9DE457C-EB08-424E-811D-119264C8BC94}.Release|Any CPU.ActiveCfg = Release|Any CPU
		{F9DE457C-EB08-424E-811D-119264C8BC94}.Release|Any CPU.Build.0 = Release|Any CPU
		{C0AA0141-4041-4274-AC90-C95EC05CD064}.Debug|Any CPU.ActiveCfg = Debug|Any CPU
		{C0AA0141-4041-4274-AC90-C95EC05CD064}.Debug|Any CPU.Build.0 = Debug|Any CPU
		{C0AA0141-4041-4274-AC90-C95EC05CD064}.Release|Any CPU.ActiveCfg = Release|Any CPU
		{C0AA0141-4041-4274-AC90-C95EC05CD064}.Release|Any CPU.Build.0 = Release|Any CPU
		{0296D066-F70F-4D9F-BA3D-4D8119FD3703}.Debug|Any CPU.ActiveCfg = Debug|Any CPU
		{0296D066-F70F-4D9F-BA3D-4D8119FD3703}.Debug|Any CPU.Build.0 = Debug|Any CPU
		{0296D066-F70F-4D9F-BA3D-4D8119FD3703}.Release|Any CPU.ActiveCfg = Release|Any CPU
		{0296D066-F70F-4D9F-BA3D-4D8119FD3703}.Release|Any CPU.Build.0 = Release|Any CPU
		{3F83EF3D-D569-455B-8C18-5877C952BA56}.Debug|Any CPU.ActiveCfg = Debug|Any CPU
		{3F83EF3D-D569-455B-8C18-5877C952BA56}.Debug|Any CPU.Build.0 = Debug|Any CPU
		{3F83EF3D-D569-455B-8C18-5877C952BA56}.Release|Any CPU.ActiveCfg = Release|Any CPU
		{3F83EF3D-D569-455B-8C18-5877C952BA56}.Release|Any CPU.Build.0 = Release|Any CPU
		{D825276A-1C5D-4460-851A-50034F341A86}.Debug|Any CPU.ActiveCfg = Debug|Any CPU
		{D825276A-1C5D-4460-851A-50034F341A86}.Debug|Any CPU.Build.0 = Debug|Any CPU
		{D825276A-1C5D-4460-851A-50034F341A86}.Release|Any CPU.ActiveCfg = Release|Any CPU
		{D825276A-1C5D-4460-851A-50034F341A86}.Release|Any CPU.Build.0 = Release|Any CPU
		{A31B8C4A-A0AE-44A3-B2BF-B9BE6F5912E4}.Debug|Any CPU.ActiveCfg = Debug|Any CPU
		{A31B8C4A-A0AE-44A3-B2BF-B9BE6F5912E4}.Debug|Any CPU.Build.0 = Debug|Any CPU
		{A31B8C4A-A0AE-44A3-B2BF-B9BE6F5912E4}.Release|Any CPU.ActiveCfg = Release|Any CPU
		{A31B8C4A-A0AE-44A3-B2BF-B9BE6F5912E4}.Release|Any CPU.Build.0 = Release|Any CPU
	EndGlobalSection
	GlobalSection(SolutionProperties) = preSolution
		HideSolutionNode = FALSE
	EndGlobalSection
	GlobalSection(ExtensibilityGlobals) = postSolution
		SolutionGuid = {2D13C6D3-8B17-48D2-8CEE-4B34B4D83046}
	EndGlobalSection
EndGlobal
