
Microsoft Visual Studio Solution File, Format Version 12.00
# Visual Studio Version 16
VisualStudioVersion = 16.0.30907.101
MinimumVisualStudioVersion = 10.0.40219.1
Project("{FAE04EC0-301F-11D3-BF4B-00C04F79EFBC}") = "Bombs", "Bombs\Bombs.csproj", "{9EBF7682-21EB-4730-9E3B-7BC6997FDDA4}"
EndProject
Project("{FAE04EC0-301F-11D3-BF4B-00C04F79EFBC}") = "Snake", "Snake\Snake.csproj", "{01429FB4-3840-421A-BA60-C8773272058C}"
EndProject
Project("{9A19103F-16F7-4668-BE54-9A1E7A4F7556}") = "Parking", "Parking\Parking.csproj", "{0C9561DE-232C-4090-83CC-57AB0B33E428}"
EndProject
Global
	GlobalSection(SolutionConfigurationPlatforms) = preSolution
		Debug|Any CPU = Debug|Any CPU
		Release|Any CPU = Release|Any CPU
	EndGlobalSection
	GlobalSection(ProjectConfigurationPlatforms) = postSolution
		{9EBF7682-21EB-4730-9E3B-7BC6997FDDA4}.Debug|Any CPU.ActiveCfg = Debug|Any CPU
		{9EBF7682-21EB-4730-9E3B-7BC6997FDDA4}.Debug|Any CPU.Build.0 = Debug|Any CPU
		{9EBF7682-21EB-4730-9E3B-7BC6997FDDA4}.Release|Any CPU.ActiveCfg = Release|Any CPU
		{9EBF7682-21EB-4730-9E3B-7BC6997FDDA4}.Release|Any CPU.Build.0 = Release|Any CPU
		{01429FB4-3840-421A-BA60-C8773272058C}.Debug|Any CPU.ActiveCfg = Debug|Any CPU
		{01429FB4-3840-421A-BA60-C8773272058C}.Debug|Any CPU.Build.0 = Debug|Any CPU
		{01429FB4-3840-421A-BA60-C8773272058C}.Release|Any CPU.ActiveCfg = Release|Any CPU
		{01429FB4-3840-421A-BA60-C8773272058C}.Release|Any CPU.Build.0 = Release|Any CPU
		{0C9561DE-232C-4090-83CC-57AB0B33E428}.Debug|Any CPU.ActiveCfg = Debug|Any CPU
		{0C9561DE-232C-4090-83CC-57AB0B33E428}.Debug|Any CPU.Build.0 = Debug|Any CPU
		{0C9561DE-232C-4090-83CC-57AB0B33E428}.Release|Any CPU.ActiveCfg = Release|Any CPU
		{0C9561DE-232C-4090-83CC-57AB0B33E428}.Release|Any CPU.Build.0 = Release|Any CPU
	EndGlobalSection
	GlobalSection(SolutionProperties) = preSolution
		HideSolutionNode = FALSE
	EndGlobalSection
	GlobalSection(ExtensibilityGlobals) = postSolution
		SolutionGuid = {FD543CE6-19B4-4BA0-9344-4AF98905F3BB}
	EndGlobalSection
EndGlobal
