
Microsoft Visual Studio Solution File, Format Version 12.00
# Visual Studio Version 16
VisualStudioVersion = 16.0.30907.101
MinimumVisualStudioVersion = 10.0.40219.1
Project("{9A19103F-16F7-4668-BE54-9A1E7A4F7556}") = "P01_StudentSystem", "Student System\P01_StudentSystem.csproj", "{1C8F4385-CFF2-43D5-AEF2-994B865C6D63}"
EndProject
Global
	GlobalSection(SolutionConfigurationPlatforms) = preSolution
		Debug|Any CPU = Debug|Any CPU
		Release|Any CPU = Release|Any CPU
	EndGlobalSection
	GlobalSection(ProjectConfigurationPlatforms) = postSolution
		{1C8F4385-CFF2-43D5-AEF2-994B865C6D63}.Debug|Any CPU.ActiveCfg = Debug|Any CPU
		{1C8F4385-CFF2-43D5-AEF2-994B865C6D63}.Debug|Any CPU.Build.0 = Debug|Any CPU
		{1C8F4385-CFF2-43D5-AEF2-994B865C6D63}.Release|Any CPU.ActiveCfg = Release|Any CPU
		{1C8F4385-CFF2-43D5-AEF2-994B865C6D63}.Release|Any CPU.Build.0 = Release|Any CPU
	EndGlobalSection
	GlobalSection(SolutionProperties) = preSolution
		HideSolutionNode = FALSE
	EndGlobalSection
	GlobalSection(ExtensibilityGlobals) = postSolution
		SolutionGuid = {F4431BA0-0807-42CF-BE09-6168B4E042FD}
	EndGlobalSection
EndGlobal
