
Microsoft Visual Studio Solution File, Format Version 12.00
# Visual Studio Version 16
VisualStudioVersion = 16.0.30907.101
MinimumVisualStudioVersion = 10.0.40219.1
Project("{9A19103F-16F7-4668-BE54-9A1E7A4F7556}") = "DefineAnInterfaceIPerson", "DefineAnInterfaceIPerson\DefineAnInterfaceIPerson.csproj", "{A0EC03FF-43E2-4B43-8010-D7684ACC6983}"
EndProject
Project("{9A19103F-16F7-4668-BE54-9A1E7A4F7556}") = "MultipleImplementation", "MultipleImplementation\MultipleImplementation.csproj", "{BAABB9F0-231D-4389-8158-98AF910E0639}"
EndProject
Project("{9A19103F-16F7-4668-BE54-9A1E7A4F7556}") = "Telephony", "Telephony1\Telephony.csproj", "{CFDFB368-EF5F-4CAE-A26A-8AABE5718CF2}"
EndProject
Project("{9A19103F-16F7-4668-BE54-9A1E7A4F7556}") = "BorderControl", "BorderControl\BorderControl.csproj", "{8C6C0A75-C8DE-4314-94E7-BB654A61B07E}"
EndProject
Project("{9A19103F-16F7-4668-BE54-9A1E7A4F7556}") = "BirthdayCelebrations", "BirthdayCelebrations\BirthdayCelebrations.csproj", "{213701CF-AC2C-4B30-93BD-D4F29B2AE421}"
EndProject
Project("{9A19103F-16F7-4668-BE54-9A1E7A4F7556}") = "FoodShortage", "FoodShortage\FoodShortage.csproj", "{64A1BA6A-A9CD-4E1A-9E47-9AE956B4FD38}"
EndProject
Project("{9A19103F-16F7-4668-BE54-9A1E7A4F7556}") = "MilitaryElite", "MilitaryElite\MilitaryElite.csproj", "{37D9D521-CEBC-4802-B131-6A0A3B1D5472}"
EndProject
Project("{9A19103F-16F7-4668-BE54-9A1E7A4F7556}") = "CollectionHierarchy", "CollectionHierarchy\CollectionHierarchy.csproj", "{EAFFBA96-2656-46FB-B7A5-5FD34A1733F4}"
EndProject
Project("{FAE04EC0-301F-11D3-BF4B-00C04F79EFBC}") = "ExplicitInterfaces", "ExplicitInterfaces\ExplicitInterfaces.csproj", "{F3050223-1CF2-4F48-9002-37CC610428F5}"
EndProject
Global
	GlobalSection(SolutionConfigurationPlatforms) = preSolution
		Debug|Any CPU = Debug|Any CPU
		Release|Any CPU = Release|Any CPU
	EndGlobalSection
	GlobalSection(ProjectConfigurationPlatforms) = postSolution
		{A0EC03FF-43E2-4B43-8010-D7684ACC6983}.Debug|Any CPU.ActiveCfg = Debug|Any CPU
		{A0EC03FF-43E2-4B43-8010-D7684ACC6983}.Debug|Any CPU.Build.0 = Debug|Any CPU
		{A0EC03FF-43E2-4B43-8010-D7684ACC6983}.Release|Any CPU.ActiveCfg = Release|Any CPU
		{A0EC03FF-43E2-4B43-8010-D7684ACC6983}.Release|Any CPU.Build.0 = Release|Any CPU
		{BAABB9F0-231D-4389-8158-98AF910E0639}.Debug|Any CPU.ActiveCfg = Debug|Any CPU
		{BAABB9F0-231D-4389-8158-98AF910E0639}.Debug|Any CPU.Build.0 = Debug|Any CPU
		{BAABB9F0-231D-4389-8158-98AF910E0639}.Release|Any CPU.ActiveCfg = Release|Any CPU
		{BAABB9F0-231D-4389-8158-98AF910E0639}.Release|Any CPU.Build.0 = Release|Any CPU
		{CFDFB368-EF5F-4CAE-A26A-8AABE5718CF2}.Debug|Any CPU.ActiveCfg = Debug|Any CPU
		{CFDFB368-EF5F-4CAE-A26A-8AABE5718CF2}.Debug|Any CPU.Build.0 = Debug|Any CPU
		{CFDFB368-EF5F-4CAE-A26A-8AABE5718CF2}.Release|Any CPU.ActiveCfg = Release|Any CPU
		{CFDFB368-EF5F-4CAE-A26A-8AABE5718CF2}.Release|Any CPU.Build.0 = Release|Any CPU
		{8C6C0A75-C8DE-4314-94E7-BB654A61B07E}.Debug|Any CPU.ActiveCfg = Debug|Any CPU
		{8C6C0A75-C8DE-4314-94E7-BB654A61B07E}.Debug|Any CPU.Build.0 = Debug|Any CPU
		{8C6C0A75-C8DE-4314-94E7-BB654A61B07E}.Release|Any CPU.ActiveCfg = Release|Any CPU
		{8C6C0A75-C8DE-4314-94E7-BB654A61B07E}.Release|Any CPU.Build.0 = Release|Any CPU
		{213701CF-AC2C-4B30-93BD-D4F29B2AE421}.Debug|Any CPU.ActiveCfg = Debug|Any CPU
		{213701CF-AC2C-4B30-93BD-D4F29B2AE421}.Debug|Any CPU.Build.0 = Debug|Any CPU
		{213701CF-AC2C-4B30-93BD-D4F29B2AE421}.Release|Any CPU.ActiveCfg = Release|Any CPU
		{213701CF-AC2C-4B30-93BD-D4F29B2AE421}.Release|Any CPU.Build.0 = Release|Any CPU
		{64A1BA6A-A9CD-4E1A-9E47-9AE956B4FD38}.Debug|Any CPU.ActiveCfg = Debug|Any CPU
		{64A1BA6A-A9CD-4E1A-9E47-9AE956B4FD38}.Debug|Any CPU.Build.0 = Debug|Any CPU
		{64A1BA6A-A9CD-4E1A-9E47-9AE956B4FD38}.Release|Any CPU.ActiveCfg = Release|Any CPU
		{64A1BA6A-A9CD-4E1A-9E47-9AE956B4FD38}.Release|Any CPU.Build.0 = Release|Any CPU
		{37D9D521-CEBC-4802-B131-6A0A3B1D5472}.Debug|Any CPU.ActiveCfg = Debug|Any CPU
		{37D9D521-CEBC-4802-B131-6A0A3B1D5472}.Debug|Any CPU.Build.0 = Debug|Any CPU
		{37D9D521-CEBC-4802-B131-6A0A3B1D5472}.Release|Any CPU.ActiveCfg = Release|Any CPU
		{37D9D521-CEBC-4802-B131-6A0A3B1D5472}.Release|Any CPU.Build.0 = Release|Any CPU
		{EAFFBA96-2656-46FB-B7A5-5FD34A1733F4}.Debug|Any CPU.ActiveCfg = Debug|Any CPU
		{EAFFBA96-2656-46FB-B7A5-5FD34A1733F4}.Debug|Any CPU.Build.0 = Debug|Any CPU
		{EAFFBA96-2656-46FB-B7A5-5FD34A1733F4}.Release|Any CPU.ActiveCfg = Release|Any CPU
		{EAFFBA96-2656-46FB-B7A5-5FD34A1733F4}.Release|Any CPU.Build.0 = Release|Any CPU
		{F3050223-1CF2-4F48-9002-37CC610428F5}.Debug|Any CPU.ActiveCfg = Debug|Any CPU
		{F3050223-1CF2-4F48-9002-37CC610428F5}.Debug|Any CPU.Build.0 = Debug|Any CPU
		{F3050223-1CF2-4F48-9002-37CC610428F5}.Release|Any CPU.ActiveCfg = Release|Any CPU
		{F3050223-1CF2-4F48-9002-37CC610428F5}.Release|Any CPU.Build.0 = Release|Any CPU
	EndGlobalSection
	GlobalSection(SolutionProperties) = preSolution
		HideSolutionNode = FALSE
	EndGlobalSection
	GlobalSection(ExtensibilityGlobals) = postSolution
		SolutionGuid = {14742FD5-4EE9-47D2-A651-BA794F39964E}
	EndGlobalSection
EndGlobal
