
Microsoft Visual Studio Solution File, Format Version 12.00
# Visual Studio Version 16
VisualStudioVersion = 16.0.30907.101
MinimumVisualStudioVersion = 10.0.40219.1
Project("{FAE04EC0-301F-11D3-BF4B-00C04F79EFBC}") = "Cooking", "Cooking\Cooking.csproj", "{A60AD3CC-7CC5-4DD6-8245-D15B762A7B9A}"
EndProject
Project("{FAE04EC0-301F-11D3-BF4B-00C04F79EFBC}") = "Selling", "Selling\Selling.csproj", "{CD244B9F-A4E2-4587-A537-C2DD306ABA94}"
EndProject
Project("{9A19103F-16F7-4668-BE54-9A1E7A4F7556}") = "BakeryOpenning", "Opening\BakeryOpenning.csproj", "{9F6E34CE-C542-4C26-A87B-2269D511DDC8}"
EndProject
Global
	GlobalSection(SolutionConfigurationPlatforms) = preSolution
		Debug|Any CPU = Debug|Any CPU
		Release|Any CPU = Release|Any CPU
	EndGlobalSection
	GlobalSection(ProjectConfigurationPlatforms) = postSolution
		{A60AD3CC-7CC5-4DD6-8245-D15B762A7B9A}.Debug|Any CPU.ActiveCfg = Debug|Any CPU
		{A60AD3CC-7CC5-4DD6-8245-D15B762A7B9A}.Debug|Any CPU.Build.0 = Debug|Any CPU
		{A60AD3CC-7CC5-4DD6-8245-D15B762A7B9A}.Release|Any CPU.ActiveCfg = Release|Any CPU
		{A60AD3CC-7CC5-4DD6-8245-D15B762A7B9A}.Release|Any CPU.Build.0 = Release|Any CPU
		{CD244B9F-A4E2-4587-A537-C2DD306ABA94}.Debug|Any CPU.ActiveCfg = Debug|Any CPU
		{CD244B9F-A4E2-4587-A537-C2DD306ABA94}.Debug|Any CPU.Build.0 = Debug|Any CPU
		{CD244B9F-A4E2-4587-A537-C2DD306ABA94}.Release|Any CPU.ActiveCfg = Release|Any CPU
		{CD244B9F-A4E2-4587-A537-C2DD306ABA94}.Release|Any CPU.Build.0 = Release|Any CPU
		{9F6E34CE-C542-4C26-A87B-2269D511DDC8}.Debug|Any CPU.ActiveCfg = Debug|Any CPU
		{9F6E34CE-C542-4C26-A87B-2269D511DDC8}.Debug|Any CPU.Build.0 = Debug|Any CPU
		{9F6E34CE-C542-4C26-A87B-2269D511DDC8}.Release|Any CPU.ActiveCfg = Release|Any CPU
		{9F6E34CE-C542-4C26-A87B-2269D511DDC8}.Release|Any CPU.Build.0 = Release|Any CPU
	EndGlobalSection
	GlobalSection(SolutionProperties) = preSolution
		HideSolutionNode = FALSE
	EndGlobalSection
	GlobalSection(ExtensibilityGlobals) = postSolution
		SolutionGuid = {B2626284-3159-4EC9-9081-090077E08CE1}
	EndGlobalSection
EndGlobal
