
Microsoft Visual Studio Solution File, Format Version 12.00
# Visual Studio Version 16
VisualStudioVersion = 16.0.30907.101
MinimumVisualStudioVersion = 10.0.40219.1
Project("{FAE04EC0-301F-11D3-BF4B-00C04F79EFBC}") = "HttpServer", "HttpServer\HttpServer.csproj", "{8CB25A21-2078-4628-A591-4E57C6C11E03}"
EndProject
Global
	GlobalSection(SolutionConfigurationPlatforms) = preSolution
		Debug|Any CPU = Debug|Any CPU
		Release|Any CPU = Release|Any CPU
	EndGlobalSection
	GlobalSection(ProjectConfigurationPlatforms) = postSolution
		{8CB25A21-2078-4628-A591-4E57C6C11E03}.Debug|Any CPU.ActiveCfg = Debug|Any CPU
		{8CB25A21-2078-4628-A591-4E57C6C11E03}.Debug|Any CPU.Build.0 = Debug|Any CPU
		{8CB25A21-2078-4628-A591-4E57C6C11E03}.Release|Any CPU.ActiveCfg = Release|Any CPU
		{8CB25A21-2078-4628-A591-4E57C6C11E03}.Release|Any CPU.Build.0 = Release|Any CPU
	EndGlobalSection
	GlobalSection(SolutionProperties) = preSolution
		HideSolutionNode = FALSE
	EndGlobalSection
	GlobalSection(ExtensibilityGlobals) = postSolution
		SolutionGuid = {47DFB6BE-777E-4DA8-A7A3-3A74523AED7C}
	EndGlobalSection
EndGlobal
