
Microsoft Visual Studio Solution File, Format Version 12.00
# Visual Studio Version 16
VisualStudioVersion = 16.0.32002.261
MinimumVisualStudioVersion = 10.0.40219.1
Project("{FAE04EC0-301F-11D3-BF4B-00C04F79EFBC}") = "MyWebServer", "MyWebServer\MyWebServer.csproj", "{B8C1A7F1-A91D-4684-B68C-D5B821E00562}"
EndProject
Project("{FAE04EC0-301F-11D3-BF4B-00C04F79EFBC}") = "FootballManager", "FootballManager\FootballManager.csproj", "{22A363BA-81D7-46B5-8A0A-14381433DFD3}"
EndProject
Global
	GlobalSection(SolutionConfigurationPlatforms) = preSolution
		Debug|Any CPU = Debug|Any CPU
		Release|Any CPU = Release|Any CPU
	EndGlobalSection
	GlobalSection(ProjectConfigurationPlatforms) = postSolution
		{B8C1A7F1-A91D-4684-B68C-D5B821E00562}.Debug|Any CPU.ActiveCfg = Debug|Any CPU
		{B8C1A7F1-A91D-4684-B68C-D5B821E00562}.Debug|Any CPU.Build.0 = Debug|Any CPU
		{B8C1A7F1-A91D-4684-B68C-D5B821E00562}.Release|Any CPU.ActiveCfg = Release|Any CPU
		{B8C1A7F1-A91D-4684-B68C-D5B821E00562}.Release|Any CPU.Build.0 = Release|Any CPU
		{22A363BA-81D7-46B5-8A0A-14381433DFD3}.Debug|Any CPU.ActiveCfg = Debug|Any CPU
		{22A363BA-81D7-46B5-8A0A-14381433DFD3}.Debug|Any CPU.Build.0 = Debug|Any CPU
		{22A363BA-81D7-46B5-8A0A-14381433DFD3}.Release|Any CPU.ActiveCfg = Release|Any CPU
		{22A363BA-81D7-46B5-8A0A-14381433DFD3}.Release|Any CPU.Build.0 = Release|Any CPU
	EndGlobalSection
	GlobalSection(SolutionProperties) = preSolution
		HideSolutionNode = FALSE
	EndGlobalSection
	GlobalSection(ExtensibilityGlobals) = postSolution
		SolutionGuid = {F4D4F3F2-ECE8-450D-A910-8BBFD5CB79E6}
	EndGlobalSection
EndGlobal
