
Microsoft Visual Studio Solution File, Format Version 12.00
# Visual Studio Version 16
VisualStudioVersion = 16.0.30907.101
MinimumVisualStudioVersion = 10.0.40219.1
Project("{9A19103F-16F7-4668-BE54-9A1E7A4F7556}") = "SortEvenNumbers", "SortEvenNumbers\SortEvenNumbers.csproj", "{289358FD-315F-422B-B6D7-EEEC0722B23B}"
EndProject
Project("{9A19103F-16F7-4668-BE54-9A1E7A4F7556}") = "SumNumbers", "SumNumbers\SumNumbers.csproj", "{17149156-6698-4929-B7E4-2E039C99B886}"
EndProject
Project("{9A19103F-16F7-4668-BE54-9A1E7A4F7556}") = "CountUppercaseWords", "CountUppercaseWords\CountUppercaseWords.csproj", "{AFD10B08-6930-4D30-A097-06C58E6319F1}"
EndProject
Project("{9A19103F-16F7-4668-BE54-9A1E7A4F7556}") = "AddVAT", "AddVAT\AddVAT.csproj", "{CA3A8C20-C305-4EBE-B2F0-831959800CD7}"
EndProject
Project("{9A19103F-16F7-4668-BE54-9A1E7A4F7556}") = "FilterByAge", "FilterByAge\FilterByAge.csproj", "{BC649404-338A-4CB5-9613-DA64FF43C579}"
EndProject
Global
	GlobalSection(SolutionConfigurationPlatforms) = preSolution
		Debug|Any CPU = Debug|Any CPU
		Release|Any CPU = Release|Any CPU
	EndGlobalSection
	GlobalSection(ProjectConfigurationPlatforms) = postSolution
		{289358FD-315F-422B-B6D7-EEEC0722B23B}.Debug|Any CPU.ActiveCfg = Debug|Any CPU
		{289358FD-315F-422B-B6D7-EEEC0722B23B}.Debug|Any CPU.Build.0 = Debug|Any CPU
		{289358FD-315F-422B-B6D7-EEEC0722B23B}.Release|Any CPU.ActiveCfg = Release|Any CPU
		{289358FD-315F-422B-B6D7-EEEC0722B23B}.Release|Any CPU.Build.0 = Release|Any CPU
		{17149156-6698-4929-B7E4-2E039C99B886}.Debug|Any CPU.ActiveCfg = Debug|Any CPU
		{17149156-6698-4929-B7E4-2E039C99B886}.Debug|Any CPU.Build.0 = Debug|Any CPU
		{17149156-6698-4929-B7E4-2E039C99B886}.Release|Any CPU.ActiveCfg = Release|Any CPU
		{17149156-6698-4929-B7E4-2E039C99B886}.Release|Any CPU.Build.0 = Release|Any CPU
		{AFD10B08-6930-4D30-A097-06C58E6319F1}.Debug|Any CPU.ActiveCfg = Debug|Any CPU
		{AFD10B08-6930-4D30-A097-06C58E6319F1}.Debug|Any CPU.Build.0 = Debug|Any CPU
		{AFD10B08-6930-4D30-A097-06C58E6319F1}.Release|Any CPU.ActiveCfg = Release|Any CPU
		{AFD10B08-6930-4D30-A097-06C58E6319F1}.Release|Any CPU.Build.0 = Release|Any CPU
		{CA3A8C20-C305-4EBE-B2F0-831959800CD7}.Debug|Any CPU.ActiveCfg = Debug|Any CPU
		{CA3A8C20-C305-4EBE-B2F0-831959800CD7}.Debug|Any CPU.Build.0 = Debug|Any CPU
		{CA3A8C20-C305-4EBE-B2F0-831959800CD7}.Release|Any CPU.ActiveCfg = Release|Any CPU
		{CA3A8C20-C305-4EBE-B2F0-831959800CD7}.Release|Any CPU.Build.0 = Release|Any CPU
		{BC649404-338A-4CB5-9613-DA64FF43C579}.Debug|Any CPU.ActiveCfg = Debug|Any CPU
		{BC649404-338A-4CB5-9613-DA64FF43C579}.Debug|Any CPU.Build.0 = Debug|Any CPU
		{BC649404-338A-4CB5-9613-DA64FF43C579}.Release|Any CPU.ActiveCfg = Release|Any CPU
		{BC649404-338A-4CB5-9613-DA64FF43C579}.Release|Any CPU.Build.0 = Release|Any CPU
	EndGlobalSection
	GlobalSection(SolutionProperties) = preSolution
		HideSolutionNode = FALSE
	EndGlobalSection
	GlobalSection(ExtensibilityGlobals) = postSolution
		SolutionGuid = {11D3E9F6-C4DB-4950-BFD9-2D63A3BE2523}
	EndGlobalSection
EndGlobal
