
Microsoft Visual Studio Solution File, Format Version 12.00
# Visual Studio Version 16
VisualStudioVersion = 16.0.30907.101
MinimumVisualStudioVersion = 10.0.40219.1
Project("{9A19103F-16F7-4668-BE54-9A1E7A4F7556}") = "GenericBoxOfAnyT", "GenericBoxOfString\GenericBoxOfAnyT.csproj", "{75688A3C-DCEF-4F00-AA2F-39312E8F70FE}"
EndProject
Project("{9A19103F-16F7-4668-BE54-9A1E7A4F7556}") = "GenericSwapMethodAnyTypes", "GenericSwapMethodAnyTypes\GenericSwapMethodAnyTypes.csproj", "{665CB5D2-161E-4EFD-A1A6-232D97FD9C3F}"
EndProject
Project("{9A19103F-16F7-4668-BE54-9A1E7A4F7556}") = "GenericCountMethod", "GenericCountMethodStrings\GenericCountMethod.csproj", "{ABCB78E6-B4E5-4422-AA03-6B4C462C05D0}"
EndProject
Project("{FAE04EC0-301F-11D3-BF4B-00C04F79EFBC}") = "Tuple", "Tuple\Tuple.csproj", "{97671E48-9F29-4D1A-A2D8-A875AF3C64F6}"
EndProject
Project("{FAE04EC0-301F-11D3-BF4B-00C04F79EFBC}") = "Threeuple", "Threeuple\Threeuple.csproj", "{DE835AED-89EF-424E-B461-50FD2F1AE20D}"
EndProject
Global
	GlobalSection(SolutionConfigurationPlatforms) = preSolution
		Debug|Any CPU = Debug|Any CPU
		Release|Any CPU = Release|Any CPU
	EndGlobalSection
	GlobalSection(ProjectConfigurationPlatforms) = postSolution
		{75688A3C-DCEF-4F00-AA2F-39312E8F70FE}.Debug|Any CPU.ActiveCfg = Debug|Any CPU
		{75688A3C-DCEF-4F00-AA2F-39312E8F70FE}.Debug|Any CPU.Build.0 = Debug|Any CPU
		{75688A3C-DCEF-4F00-AA2F-39312E8F70FE}.Release|Any CPU.ActiveCfg = Release|Any CPU
		{75688A3C-DCEF-4F00-AA2F-39312E8F70FE}.Release|Any CPU.Build.0 = Release|Any CPU
		{665CB5D2-161E-4EFD-A1A6-232D97FD9C3F}.Debug|Any CPU.ActiveCfg = Debug|Any CPU
		{665CB5D2-161E-4EFD-A1A6-232D97FD9C3F}.Debug|Any CPU.Build.0 = Debug|Any CPU
		{665CB5D2-161E-4EFD-A1A6-232D97FD9C3F}.Release|Any CPU.ActiveCfg = Release|Any CPU
		{665CB5D2-161E-4EFD-A1A6-232D97FD9C3F}.Release|Any CPU.Build.0 = Release|Any CPU
		{ABCB78E6-B4E5-4422-AA03-6B4C462C05D0}.Debug|Any CPU.ActiveCfg = Debug|Any CPU
		{ABCB78E6-B4E5-4422-AA03-6B4C462C05D0}.Debug|Any CPU.Build.0 = Debug|Any CPU
		{ABCB78E6-B4E5-4422-AA03-6B4C462C05D0}.Release|Any CPU.ActiveCfg = Release|Any CPU
		{ABCB78E6-B4E5-4422-AA03-6B4C462C05D0}.Release|Any CPU.Build.0 = Release|Any CPU
		{97671E48-9F29-4D1A-A2D8-A875AF3C64F6}.Debug|Any CPU.ActiveCfg = Debug|Any CPU
		{97671E48-9F29-4D1A-A2D8-A875AF3C64F6}.Debug|Any CPU.Build.0 = Debug|Any CPU
		{97671E48-9F29-4D1A-A2D8-A875AF3C64F6}.Release|Any CPU.ActiveCfg = Release|Any CPU
		{97671E48-9F29-4D1A-A2D8-A875AF3C64F6}.Release|Any CPU.Build.0 = Release|Any CPU
		{DE835AED-89EF-424E-B461-50FD2F1AE20D}.Debug|Any CPU.ActiveCfg = Debug|Any CPU
		{DE835AED-89EF-424E-B461-50FD2F1AE20D}.Debug|Any CPU.Build.0 = Debug|Any CPU
		{DE835AED-89EF-424E-B461-50FD2F1AE20D}.Release|Any CPU.ActiveCfg = Release|Any CPU
		{DE835AED-89EF-424E-B461-50FD2F1AE20D}.Release|Any CPU.Build.0 = Release|Any CPU
	EndGlobalSection
	GlobalSection(SolutionProperties) = preSolution
		HideSolutionNode = FALSE
	EndGlobalSection
	GlobalSection(ExtensibilityGlobals) = postSolution
		SolutionGuid = {AD08BABF-996D-46F2-AB56-AE61D4C5CBB1}
	EndGlobalSection
EndGlobal
