
Microsoft Visual Studio Solution File, Format Version 12.00
# Visual Studio Version 16
VisualStudioVersion = 16.0.30413.136
MinimumVisualStudioVersion = 10.0.40219.1
Project("{FAE04EC0-301F-11D3-BF4B-00C04F79EFBC}") = "USDToBGNConverter", "USDToBGNConverter\USDToBGNConverter.csproj", "{D2673163-E67A-4BD8-A874-07252B52BA99}"
EndProject
Project("{FAE04EC0-301F-11D3-BF4B-00C04F79EFBC}") = "RadToDeg", "RadToDeg\RadToDeg.csproj", "{54A57178-7336-47BF-934F-F88DDFF66A64}"
EndProject
Project("{FAE04EC0-301F-11D3-BF4B-00C04F79EFBC}") = "depoditCalculator", "depoditCalculator\depoditCalculator.csproj", "{E5E7FD5B-11DB-4ED7-A782-FD3460A9B498}"
EndProject
Project("{FAE04EC0-301F-11D3-BF4B-00C04F79EFBC}") = "BookList", "BookList\BookList.csproj", "{EA73B5B0-6182-4288-98D9-CDC74C324B1E}"
EndProject
Project("{FAE04EC0-301F-11D3-BF4B-00C04F79EFBC}") = "Birthday", "Birthday\Birthday.csproj", "{DA2065C1-C9F9-4835-AAEE-56EA9E4B1198}"
EndProject
Project("{FAE04EC0-301F-11D3-BF4B-00C04F79EFBC}") = "CharityCampaign", "CharityCampaign\CharityCampaign.csproj", "{978E3E74-0DEC-4D83-BE27-A340DDFDDDDB}"
EndProject
Project("{FAE04EC0-301F-11D3-BF4B-00C04F79EFBC}") = "FruitMarket", "FruitMarket\FruitMarket.csproj", "{D9C1423E-90C1-453D-BC47-5EAC66BA6F91}"
EndProject
Project("{FAE04EC0-301F-11D3-BF4B-00C04F79EFBC}") = "FishTank", "FishTank\FishTank.csproj", "{BC75214C-33E8-4F6A-8AC8-69080E805138}"
EndProject
Global
	GlobalSection(SolutionConfigurationPlatforms) = preSolution
		Debug|Any CPU = Debug|Any CPU
		Release|Any CPU = Release|Any CPU
	EndGlobalSection
	GlobalSection(ProjectConfigurationPlatforms) = postSolution
		{D2673163-E67A-4BD8-A874-07252B52BA99}.Debug|Any CPU.ActiveCfg = Debug|Any CPU
		{D2673163-E67A-4BD8-A874-07252B52BA99}.Debug|Any CPU.Build.0 = Debug|Any CPU
		{D2673163-E67A-4BD8-A874-07252B52BA99}.Release|Any CPU.ActiveCfg = Release|Any CPU
		{D2673163-E67A-4BD8-A874-07252B52BA99}.Release|Any CPU.Build.0 = Release|Any CPU
		{54A57178-7336-47BF-934F-F88DDFF66A64}.Debug|Any CPU.ActiveCfg = Debug|Any CPU
		{54A57178-7336-47BF-934F-F88DDFF66A64}.Debug|Any CPU.Build.0 = Debug|Any CPU
		{54A57178-7336-47BF-934F-F88DDFF66A64}.Release|Any CPU.ActiveCfg = Release|Any CPU
		{54A57178-7336-47BF-934F-F88DDFF66A64}.Release|Any CPU.Build.0 = Release|Any CPU
		{E5E7FD5B-11DB-4ED7-A782-FD3460A9B498}.Debug|Any CPU.ActiveCfg = Debug|Any CPU
		{E5E7FD5B-11DB-4ED7-A782-FD3460A9B498}.Debug|Any CPU.Build.0 = Debug|Any CPU
		{E5E7FD5B-11DB-4ED7-A782-FD3460A9B498}.Release|Any CPU.ActiveCfg = Release|Any CPU
		{E5E7FD5B-11DB-4ED7-A782-FD3460A9B498}.Release|Any CPU.Build.0 = Release|Any CPU
		{EA73B5B0-6182-4288-98D9-CDC74C324B1E}.Debug|Any CPU.ActiveCfg = Debug|Any CPU
		{EA73B5B0-6182-4288-98D9-CDC74C324B1E}.Debug|Any CPU.Build.0 = Debug|Any CPU
		{EA73B5B0-6182-4288-98D9-CDC74C324B1E}.Release|Any CPU.ActiveCfg = Release|Any CPU
		{EA73B5B0-6182-4288-98D9-CDC74C324B1E}.Release|Any CPU.Build.0 = Release|Any CPU
		{DA2065C1-C9F9-4835-AAEE-56EA9E4B1198}.Debug|Any CPU.ActiveCfg = Debug|Any CPU
		{DA2065C1-C9F9-4835-AAEE-56EA9E4B1198}.Debug|Any CPU.Build.0 = Debug|Any CPU
		{DA2065C1-C9F9-4835-AAEE-56EA9E4B1198}.Release|Any CPU.ActiveCfg = Release|Any CPU
		{DA2065C1-C9F9-4835-AAEE-56EA9E4B1198}.Release|Any CPU.Build.0 = Release|Any CPU
		{978E3E74-0DEC-4D83-BE27-A340DDFDDDDB}.Debug|Any CPU.ActiveCfg = Debug|Any CPU
		{978E3E74-0DEC-4D83-BE27-A340DDFDDDDB}.Debug|Any CPU.Build.0 = Debug|Any CPU
		{978E3E74-0DEC-4D83-BE27-A340DDFDDDDB}.Release|Any CPU.ActiveCfg = Release|Any CPU
		{978E3E74-0DEC-4D83-BE27-A340DDFDDDDB}.Release|Any CPU.Build.0 = Release|Any CPU
		{D9C1423E-90C1-453D-BC47-5EAC66BA6F91}.Debug|Any CPU.ActiveCfg = Debug|Any CPU
		{D9C1423E-90C1-453D-BC47-5EAC66BA6F91}.Debug|Any CPU.Build.0 = Debug|Any CPU
		{D9C1423E-90C1-453D-BC47-5EAC66BA6F91}.Release|Any CPU.ActiveCfg = Release|Any CPU
		{D9C1423E-90C1-453D-BC47-5EAC66BA6F91}.Release|Any CPU.Build.0 = Release|Any CPU
		{BC75214C-33E8-4F6A-8AC8-69080E805138}.Debug|Any CPU.ActiveCfg = Debug|Any CPU
		{BC75214C-33E8-4F6A-8AC8-69080E805138}.Debug|Any CPU.Build.0 = Debug|Any CPU
		{BC75214C-33E8-4F6A-8AC8-69080E805138}.Release|Any CPU.ActiveCfg = Release|Any CPU
		{BC75214C-33E8-4F6A-8AC8-69080E805138}.Release|Any CPU.Build.0 = Release|Any CPU
	EndGlobalSection
	GlobalSection(SolutionProperties) = preSolution
		HideSolutionNode = FALSE
	EndGlobalSection
	GlobalSection(ExtensibilityGlobals) = postSolution
		SolutionGuid = {AA826AAE-8A34-455F-8C99-CF1A7CDA1A68}
	EndGlobalSection
EndGlobal
