
Microsoft Visual Studio Solution File, Format Version 12.00
# Visual Studio Version 17
VisualStudioVersion = 17.0.32014.148
MinimumVisualStudioVersion = 10.0.40219.1
Project("{FAE04EC0-301F-11D3-BF4B-00C04F79EFBC}") = "SocialMedia1", "SocialMedia1\SocialMedia1.csproj", "{0325996B-3EC4-43A7-9932-F03DE7BCC5A9}"
EndProject
Global
	GlobalSection(SolutionConfigurationPlatforms) = preSolution
		Debug|Any CPU = Debug|Any CPU
		Release|Any CPU = Release|Any CPU
	EndGlobalSection
	GlobalSection(ProjectConfigurationPlatforms) = postSolution
		{0325996B-3EC4-43A7-9932-F03DE7BCC5A9}.Debug|Any CPU.ActiveCfg = Debug|Any CPU
		{0325996B-3EC4-43A7-9932-F03DE7BCC5A9}.Debug|Any CPU.Build.0 = Debug|Any CPU
		{0325996B-3EC4-43A7-9932-F03DE7BCC5A9}.Release|Any CPU.ActiveCfg = Release|Any CPU
		{0325996B-3EC4-43A7-9932-F03DE7BCC5A9}.Release|Any CPU.Build.0 = Release|Any CPU
	EndGlobalSection
	GlobalSection(SolutionProperties) = preSolution
		HideSolutionNode = FALSE
	EndGlobalSection
	GlobalSection(ExtensibilityGlobals) = postSolution
		SolutionGuid = {C784637D-173F-4BDC-A40B-9E89E037FE66}
	EndGlobalSection
EndGlobal
