
Microsoft Visual Studio Solution File, Format Version 12.00
# Visual Studio Version 16
VisualStudioVersion = 16.0.30907.101
MinimumVisualStudioVersion = 10.0.40219.1
Project("{FAE04EC0-301F-11D3-BF4B-00C04F79EFBC}") = "FlowerWreaths", "FlowerWreaths\FlowerWreaths.csproj", "{3323B4B3-E0F6-47EC-92C2-BDE518C27F48}"
EndProject
Project("{FAE04EC0-301F-11D3-BF4B-00C04F79EFBC}") = "Bee", "Фее\Bee.csproj", "{A271022F-90B1-4DC8-B62C-CEDE3ED60AF9}"
EndProject
Project("{9A19103F-16F7-4668-BE54-9A1E7A4F7556}") = "VetClinic", "VetClinic\VetClinic.csproj", "{EADCDBCC-D2D5-4E1D-82E0-08C5CDE5EB86}"
EndProject
Global
	GlobalSection(SolutionConfigurationPlatforms) = preSolution
		Debug|Any CPU = Debug|Any CPU
		Release|Any CPU = Release|Any CPU
	EndGlobalSection
	GlobalSection(ProjectConfigurationPlatforms) = postSolution
		{3323B4B3-E0F6-47EC-92C2-BDE518C27F48}.Debug|Any CPU.ActiveCfg = Debug|Any CPU
		{3323B4B3-E0F6-47EC-92C2-BDE518C27F48}.Debug|Any CPU.Build.0 = Debug|Any CPU
		{3323B4B3-E0F6-47EC-92C2-BDE518C27F48}.Release|Any CPU.ActiveCfg = Release|Any CPU
		{3323B4B3-E0F6-47EC-92C2-BDE518C27F48}.Release|Any CPU.Build.0 = Release|Any CPU
		{A271022F-90B1-4DC8-B62C-CEDE3ED60AF9}.Debug|Any CPU.ActiveCfg = Debug|Any CPU
		{A271022F-90B1-4DC8-B62C-CEDE3ED60AF9}.Debug|Any CPU.Build.0 = Debug|Any CPU
		{A271022F-90B1-4DC8-B62C-CEDE3ED60AF9}.Release|Any CPU.ActiveCfg = Release|Any CPU
		{A271022F-90B1-4DC8-B62C-CEDE3ED60AF9}.Release|Any CPU.Build.0 = Release|Any CPU
		{EADCDBCC-D2D5-4E1D-82E0-08C5CDE5EB86}.Debug|Any CPU.ActiveCfg = Debug|Any CPU
		{EADCDBCC-D2D5-4E1D-82E0-08C5CDE5EB86}.Debug|Any CPU.Build.0 = Debug|Any CPU
		{EADCDBCC-D2D5-4E1D-82E0-08C5CDE5EB86}.Release|Any CPU.ActiveCfg = Release|Any CPU
		{EADCDBCC-D2D5-4E1D-82E0-08C5CDE5EB86}.Release|Any CPU.Build.0 = Release|Any CPU
	EndGlobalSection
	GlobalSection(SolutionProperties) = preSolution
		HideSolutionNode = FALSE
	EndGlobalSection
	GlobalSection(ExtensibilityGlobals) = postSolution
		SolutionGuid = {40725723-DC49-4FDC-9EF5-2258D04692E5}
	EndGlobalSection
EndGlobal
