
Microsoft Visual Studio Solution File, Format Version 12.00
# Visual Studio Version 16
VisualStudioVersion = 16.0.30413.136
MinimumVisualStudioVersion = 10.0.40219.1
Project("{9A19103F-16F7-4668-BE54-9A1E7A4F7556}") = "Histogram", "ForLoopExercises\Histogram.csproj", "{6FE8ECA7-9F9C-401F-B5D4-6222E3303113}"
EndProject
Project("{9A19103F-16F7-4668-BE54-9A1E7A4F7556}") = "DivideWithoutReminder", "DivideWithoutReminder\DivideWithoutReminder.csproj", "{3FE9A610-3496-4288-87E4-97A93B361BF3}"
EndProject
Project("{FAE04EC0-301F-11D3-BF4B-00C04F79EFBC}") = "Salary", "Salary\Salary.csproj", "{D018C100-8A10-4138-821A-F02F86FEA76D}"
EndProject
Global
	GlobalSection(SolutionConfigurationPlatforms) = preSolution
		Debug|Any CPU = Debug|Any CPU
		Release|Any CPU = Release|Any CPU
	EndGlobalSection
	GlobalSection(ProjectConfigurationPlatforms) = postSolution
		{6FE8ECA7-9F9C-401F-B5D4-6222E3303113}.Debug|Any CPU.ActiveCfg = Debug|Any CPU
		{6FE8ECA7-9F9C-401F-B5D4-6222E3303113}.Debug|Any CPU.Build.0 = Debug|Any CPU
		{6FE8ECA7-9F9C-401F-B5D4-6222E3303113}.Release|Any CPU.ActiveCfg = Release|Any CPU
		{6FE8ECA7-9F9C-401F-B5D4-6222E3303113}.Release|Any CPU.Build.0 = Release|Any CPU
		{3FE9A610-3496-4288-87E4-97A93B361BF3}.Debug|Any CPU.ActiveCfg = Debug|Any CPU
		{3FE9A610-3496-4288-87E4-97A93B361BF3}.Debug|Any CPU.Build.0 = Debug|Any CPU
		{3FE9A610-3496-4288-87E4-97A93B361BF3}.Release|Any CPU.ActiveCfg = Release|Any CPU
		{3FE9A610-3496-4288-87E4-97A93B361BF3}.Release|Any CPU.Build.0 = Release|Any CPU
		{D018C100-8A10-4138-821A-F02F86FEA76D}.Debug|Any CPU.ActiveCfg = Debug|Any CPU
		{D018C100-8A10-4138-821A-F02F86FEA76D}.Debug|Any CPU.Build.0 = Debug|Any CPU
		{D018C100-8A10-4138-821A-F02F86FEA76D}.Release|Any CPU.ActiveCfg = Release|Any CPU
		{D018C100-8A10-4138-821A-F02F86FEA76D}.Release|Any CPU.Build.0 = Release|Any CPU
	EndGlobalSection
	GlobalSection(SolutionProperties) = preSolution
		HideSolutionNode = FALSE
	EndGlobalSection
	GlobalSection(ExtensibilityGlobals) = postSolution
		SolutionGuid = {91CE05B7-174E-4A35-B62F-B6A41151C23D}
	EndGlobalSection
EndGlobal
